// !$*UTF8*$!
{
	archiveVersion = 1;
	classes = {
	};
	objectVersion = 56;
	objects = {

/* Begin PBXBuildFile section */
		1FD1FC5329B75B8500253994 /* MelodyViews.swift in Sources */ = {isa = PBXBuildFile; fileRef = 1FD1FC5229B75B8500253994 /* MelodyViews.swift */; };
		1FD1FC5529B765CF00253994 /* DayModel.swift in Sources */ = {isa = PBXBuildFile; fileRef = 1FD1FC5429B765CF00253994 /* DayModel.swift */; };
		1FFBEF1829B4B38600D80D52 /* AlarmApp.swift in Sources */ = {isa = PBXBuildFile; fileRef = 1FFBEF1729B4B38600D80D52 /* AlarmApp.swift */; };
		1FFBEF1A29B4B38600D80D52 /* ContentView.swift in Sources */ = {isa = PBXBuildFile; fileRef = 1FFBEF1929B4B38600D80D52 /* ContentView.swift */; };
		1FFBEF1C29B4B38A00D80D52 /* Assets.xcassets in Resources */ = {isa = PBXBuildFile; fileRef = 1FFBEF1B29B4B38A00D80D52 /* Assets.xcassets */; };
		1FFBEF1F29B4B38A00D80D52 /* Preview Assets.xcassets in Resources */ = {isa = PBXBuildFile; fileRef = 1FFBEF1E29B4B38A00D80D52 /* Preview Assets.xcassets */; };
		1FFBEF2829B4B89200D80D52 /* TestView.swift in Sources */ = {isa = PBXBuildFile; fileRef = 1FFBEF2729B4B89200D80D52 /* TestView.swift */; };
		1FFBEF2A29B4BCDD00D80D52 /* AlarmView.swift in Sources */ = {isa = PBXBuildFile; fileRef = 1FFBEF2929B4BCDD00D80D52 /* AlarmView.swift */; };
		1FFBEF2C29B4CC5600D80D52 /* AlarmViewModel.swift in Sources */ = {isa = PBXBuildFile; fileRef = 1FFBEF2B29B4CC5600D80D52 /* AlarmViewModel.swift */; };
		1FFBEF2F29B4D18600D80D52 /* SingleAlarmAddingView.swift in Sources */ = {isa = PBXBuildFile; fileRef = 1FFBEF2E29B4D18600D80D52 /* SingleAlarmAddingView.swift */; };
		1FFBEF3229B4D63700D80D52 /* SingleAlarmModel.swift in Sources */ = {isa = PBXBuildFile; fileRef = 1FFBEF3129B4D63700D80D52 /* SingleAlarmModel.swift */; };
		1FFBEF3429B4EA6E00D80D52 /* ReplayView.swift in Sources */ = {isa = PBXBuildFile; fileRef = 1FFBEF3329B4EA6E00D80D52 /* ReplayView.swift */; };
/* End PBXBuildFile section */

/* Begin PBXFileReference section */
		1FD1FC5229B75B8500253994 /* MelodyViews.swift */ = {isa = PBXFileReference; lastKnownFileType = sourcecode.swift; path = MelodyViews.swift; sourceTree = "<group>"; };
		1FD1FC5429B765CF00253994 /* DayModel.swift */ = {isa = PBXFileReference; lastKnownFileType = sourcecode.swift; path = DayModel.swift; sourceTree = "<group>"; };
		1FFBEF1429B4B38600D80D52 /* Alarm.app */ = {isa = PBXFileReference; explicitFileType = wrapper.application; includeInIndex = 0; path = Alarm.app; sourceTree = BUILT_PRODUCTS_DIR; };
		1FFBEF1729B4B38600D80D52 /* AlarmApp.swift */ = {isa = PBXFileReference; lastKnownFileType = sourcecode.swift; path = AlarmApp.swift; sourceTree = "<group>"; };
		1FFBEF1929B4B38600D80D52 /* ContentView.swift */ = {isa = PBXFileReference; lastKnownFileType = sourcecode.swift; path = ContentView.swift; sourceTree = "<group>"; };
		1FFBEF1B29B4B38A00D80D52 /* Assets.xcassets */ = {isa = PBXFileReference; lastKnownFileType = folder.assetcatalog; path = Assets.xcassets; sourceTree = "<group>"; };
		1FFBEF1E29B4B38A00D80D52 /* Preview Assets.xcassets */ = {isa = PBXFileReference; lastKnownFileType = folder.assetcatalog; path = "Preview Assets.xcassets"; sourceTree = "<group>"; };
		1FFBEF2729B4B89200D80D52 /* TestView.swift */ = {isa = PBXFileReference; lastKnownFileType = sourcecode.swift; path = TestView.swift; sourceTree = "<group>"; };
		1FFBEF2929B4BCDD00D80D52 /* AlarmView.swift */ = {isa = PBXFileReference; lastKnownFileType = sourcecode.swift; path = AlarmView.swift; sourceTree = "<group>"; };
		1FFBEF2B29B4CC5600D80D52 /* AlarmViewModel.swift */ = {isa = PBXFileReference; lastKnownFileType = sourcecode.swift; path = AlarmViewModel.swift; sourceTree = "<group>"; };
		1FFBEF2E29B4D18600D80D52 /* SingleAlarmAddingView.swift */ = {isa = PBXFileReference; lastKnownFileType = sourcecode.swift; path = SingleAlarmAddingView.swift; sourceTree = "<group>"; };
		1FFBEF3129B4D63700D80D52 /* SingleAlarmModel.swift */ = {isa = PBXFileReference; lastKnownFileType = sourcecode.swift; path = SingleAlarmModel.swift; sourceTree = "<group>"; };
		1FFBEF3329B4EA6E00D80D52 /* ReplayView.swift */ = {isa = PBXFileReference; lastKnownFileType = sourcecode.swift; path = ReplayView.swift; sourceTree = "<group>"; };
/* End PBXFileReference section */

/* Begin PBXFrameworksBuildPhase section */
		1FFBEF1129B4B38600D80D52 /* Frameworks */ = {
			isa = PBXFrameworksBuildPhase;
			buildActionMask = 2147483647;
			files = (
			);
			runOnlyForDeploymentPostprocessing = 0;
		};
/* End PBXFrameworksBuildPhase section */

/* Begin PBXGroup section */
		1FFBEF0B29B4B38600D80D52 = {
			isa = PBXGroup;
			children = (
				1FFBEF1629B4B38600D80D52 /* Alarm */,
				1FFBEF1529B4B38600D80D52 /* Products */,
			);
			sourceTree = "<group>";
		};
		1FFBEF1529B4B38600D80D52 /* Products */ = {
			isa = PBXGroup;
			children = (
				1FFBEF1429B4B38600D80D52 /* Alarm.app */,
			);
			name = Products;
			sourceTree = "<group>";
		};
		1FFBEF1629B4B38600D80D52 /* Alarm */ = {
			isa = PBXGroup;
			children = (
				1FFBEF1729B4B38600D80D52 /* AlarmApp.swift */,
				1FFBEF3029B4D62100D80D52 /* Models */,
				1FFBEF2529B4B52700D80D52 /* Views */,
				1FFBEF2629B4B53300D80D52 /* ViewModels */,
				1FFBEF1D29B4B38A00D80D52 /* Preview Content */,
			);
			path = Alarm;
			sourceTree = "<group>";
		};
		1FFBEF1D29B4B38A00D80D52 /* Preview Content */ = {
			isa = PBXGroup;
			children = (
				1FFBEF1B29B4B38A00D80D52 /* Assets.xcassets */,
				1FFBEF1E29B4B38A00D80D52 /* Preview Assets.xcassets */,
			);
			path = "Preview Content";
			sourceTree = "<group>";
		};
		1FFBEF2529B4B52700D80D52 /* Views */ = {
			isa = PBXGroup;
			children = (
				1FFBEF1929B4B38600D80D52 /* ContentView.swift */,
				1FFBEF2729B4B89200D80D52 /* TestView.swift */,
				1FFBEF2D29B4D15800D80D52 /* AlarmViews */,
			);
			path = Views;
			sourceTree = "<group>";
		};
		1FFBEF2629B4B53300D80D52 /* ViewModels */ = {
			isa = PBXGroup;
			children = (
				1FFBEF2B29B4CC5600D80D52 /* AlarmViewModel.swift */,
			);
			path = ViewModels;
			sourceTree = "<group>";
		};
		1FFBEF2D29B4D15800D80D52 /* AlarmViews */ = {
			isa = PBXGroup;
			children = (
				1FFBEF2929B4BCDD00D80D52 /* AlarmView.swift */,
				1FFBEF2E29B4D18600D80D52 /* SingleAlarmAddingView.swift */,
				1FFBEF3329B4EA6E00D80D52 /* ReplayView.swift */,
				1FD1FC5229B75B8500253994 /* MelodyViews.swift */,
			);
			path = AlarmViews;
			sourceTree = "<group>";
		};
		1FFBEF3029B4D62100D80D52 /* Models */ = {
			isa = PBXGroup;
			children = (
				1FFBEF3129B4D63700D80D52 /* SingleAlarmModel.swift */,
				1FD1FC5429B765CF00253994 /* DayModel.swift */,
			);
			path = Models;
			sourceTree = "<group>";
		};
/* End PBXGroup section */

/* Begin PBXNativeTarget section */
		1FFBEF1329B4B38600D80D52 /* Alarm */ = {
			isa = PBXNativeTarget;
			buildConfigurationList = 1FFBEF2229B4B38A00D80D52 /* Build configuration list for PBXNativeTarget "Alarm" */;
			buildPhases = (
				1FFBEF1029B4B38600D80D52 /* Sources */,
				1FFBEF1129B4B38600D80D52 /* Frameworks */,
				1FFBEF1229B4B38600D80D52 /* Resources */,
			);
			buildRules = (
			);
			dependencies = (
			);
			name = Alarm;
			productName = Alarm;
			productReference = 1FFBEF1429B4B38600D80D52 /* Alarm.app */;
			productType = "com.apple.product-type.application";
		};
/* End PBXNativeTarget section */

/* Begin PBXProject section */
		1FFBEF0C29B4B38600D80D52 /* Project object */ = {
			isa = PBXProject;
			attributes = {
				BuildIndependentTargetsInParallel = 1;
				LastSwiftUpdateCheck = 1420;
				LastUpgradeCheck = 1420;
				TargetAttributes = {
					1FFBEF1329B4B38600D80D52 = {
						CreatedOnToolsVersion = 14.2;
					};
				};
			};
			buildConfigurationList = 1FFBEF0F29B4B38600D80D52 /* Build configuration list for PBXProject "Alarm" */;
			compatibilityVersion = "Xcode 14.0";
			developmentRegion = en;
			hasScannedForEncodings = 0;
			knownRegions = (
				en,
				Base,
			);
			mainGroup = 1FFBEF0B29B4B38600D80D52;
			productRefGroup = 1FFBEF1529B4B38600D80D52 /* Products */;
			projectDirPath = "";
			projectRoot = "";
			targets = (
				1FFBEF1329B4B38600D80D52 /* Alarm */,
			);
		};
/* End PBXProject section */

/* Begin PBXResourcesBuildPhase section */
		1FFBEF1229B4B38600D80D52 /* Resources */ = {
			isa = PBXResourcesBuildPhase;
			buildActionMask = 2147483647;
			files = (
				1FFBEF1F29B4B38A00D80D52 /* Preview Assets.xcassets in Resources */,
				1FFBEF1C29B4B38A00D80D52 /* Assets.xcassets in Resources */,
			);
			runOnlyForDeploymentPostprocessing = 0;
		};
/* End PBXResourcesBuildPhase section */

/* Begin PBXSourcesBuildPhase section */
		1FFBEF1029B4B38600D80D52 /* Sources */ = {
			isa = PBXSourcesBuildPhase;
			buildActionMask = 2147483647;
			files = (
				1FFBEF2829B4B89200D80D52 /* TestView.swift in Sources */,
				1FFBEF3229B4D63700D80D52 /* SingleAlarmModel.swift in Sources */,
				1FFBEF2F29B4D18600D80D52 /* SingleAlarmAddingView.swift in Sources */,
				1FFBEF3429B4EA6E00D80D52 /* ReplayView.swift in Sources */,
				1FD1FC5329B75B8500253994 /* MelodyViews.swift in Sources */,
				1FFBEF1A29B4B38600D80D52 /* ContentView.swift in Sources */,
				1FFBEF2A29B4BCDD00D80D52 /* AlarmView.swift in Sources */,
				1FFBEF1829B4B38600D80D52 /* AlarmApp.swift in Sources */,
				1FFBEF2C29B4CC5600D80D52 /* AlarmViewModel.swift in Sources */,
				1FD1FC5529B765CF00253994 /* DayModel.swift in Sources */,
			);
			runOnlyForDeploymentPostprocessing = 0;
		};
/* End PBXSourcesBuildPhase section */

/* Begin XCBuildConfiguration section */
		1FFBEF2029B4B38A00D80D52 /* Debug */ = {
			isa = XCBuildConfiguration;
			buildSettings = {
				ALWAYS_SEARCH_USER_PATHS = NO;
				CLANG_ANALYZER_NONNULL = YES;
				CLANG_ANALYZER_NUMBER_OBJECT_CONVERSION = YES_AGGRESSIVE;
				CLANG_CXX_LANGUAGE_STANDARD = "gnu++20";
				CLANG_ENABLE_MODULES = YES;
				CLANG_ENABLE_OBJC_ARC = YES;
				CLANG_ENABLE_OBJC_WEAK = YES;
				CLANG_WARN_BLOCK_CAPTURE_AUTORELEASING = YES;
				CLANG_WARN_BOOL_CONVERSION = YES;
				CLANG_WARN_COMMA = YES;
				CLANG_WARN_CONSTANT_CONVERSION = YES;
				CLANG_WARN_DEPRECATED_OBJC_IMPLEMENTATIONS = YES;
				CLANG_WARN_DIRECT_OBJC_ISA_USAGE = YES_ERROR;
				CLANG_WARN_DOCUMENTATION_COMMENTS = YES;
				CLANG_WARN_EMPTY_BODY = YES;
				CLANG_WARN_ENUM_CONVERSION = YES;
				CLANG_WARN_INFINITE_RECURSION = YES;
				CLANG_WARN_INT_CONVERSION = YES;
				CLANG_WARN_NON_LITERAL_NULL_CONVERSION = YES;
				CLANG_WARN_OBJC_IMPLICIT_RETAIN_SELF = YES;
				CLANG_WARN_OBJC_LITERAL_CONVERSION = YES;
				CLANG_WARN_OBJC_ROOT_CLASS = YES_ERROR;
				CLANG_WARN_QUOTED_INCLUDE_IN_FRAMEWORK_HEADER = YES;
				CLANG_WARN_RANGE_LOOP_ANALYSIS = YES;
				CLANG_WARN_STRICT_PROTOTYPES = YES;
				CLANG_WARN_SUSPICIOUS_MOVE = YES;
				CLANG_WARN_UNGUARDED_AVAILABILITY = YES_AGGRESSIVE;
				CLANG_WARN_UNREACHABLE_CODE = YES;
				CLANG_WARN__DUPLICATE_METHOD_MATCH = YES;
				COPY_PHASE_STRIP = NO;
				DEBUG_INFORMATION_FORMAT = dwarf;
				ENABLE_STRICT_OBJC_MSGSEND = YES;
				ENABLE_TESTABILITY = YES;
				GCC_C_LANGUAGE_STANDARD = gnu11;
				GCC_DYNAMIC_NO_PIC = NO;
				GCC_NO_COMMON_BLOCKS = YES;
				GCC_OPTIMIZATION_LEVEL = 0;
				GCC_PREPROCESSOR_DEFINITIONS = (
					"DEBUG=1",
					"$(inherited)",
				);
				GCC_WARN_64_TO_32_BIT_CONVERSION = YES;
				GCC_WARN_ABOUT_RETURN_TYPE = YES_ERROR;
				GCC_WARN_UNDECLARED_SELECTOR = YES;
				GCC_WARN_UNINITIALIZED_AUTOS = YES_AGGRESSIVE;
				GCC_WARN_UNUSED_FUNCTION = YES;
				GCC_WARN_UNUSED_VARIABLE = YES;
				IPHONEOS_DEPLOYMENT_TARGET = 16.2;
				MTL_ENABLE_DEBUG_INFO = INCLUDE_SOURCE;
				MTL_FAST_MATH = YES;
				ONLY_ACTIVE_ARCH = YES;
				SDKROOT = iphoneos;
				SWIFT_ACTIVE_COMPILATION_CONDITIONS = DEBUG;
				SWIFT_OPTIMIZATION_LEVEL = "-Onone";
			};
			name = Debug;
		};
		1FFBEF2129B4B38A00D80D52 /* Release */ = {
			isa = XCBuildConfiguration;
			buildSettings = {
				ALWAYS_SEARCH_USER_PATHS = NO;
				CLANG_ANALYZER_NONNULL = YES;
				CLANG_ANALYZER_NUMBER_OBJECT_CONVERSION = YES_AGGRESSIVE;
				CLANG_CXX_LANGUAGE_STANDARD = "gnu++20";
				CLANG_ENABLE_MODULES = YES;
				CLANG_ENABLE_OBJC_ARC = YES;
				CLANG_ENABLE_OBJC_WEAK = YES;
				CLANG_WARN_BLOCK_CAPTURE_AUTORELEASING = YES;
				CLANG_WARN_BOOL_CONVERSION = YES;
				CLANG_WARN_COMMA = YES;
				CLANG_WARN_CONSTANT_CONVERSION = YES;
				CLANG_WARN_DEPRECATED_OBJC_IMPLEMENTATIONS = YES;
				CLANG_WARN_DIRECT_OBJC_ISA_USAGE = YES_ERROR;
				CLANG_WARN_DOCUMENTATION_COMMENTS = YES;
				CLANG_WARN_EMPTY_BODY = YES;
				CLANG_WARN_ENUM_CONVERSION = YES;
				CLANG_WARN_INFINITE_RECURSION = YES;
				CLANG_WARN_INT_CONVERSION = YES;
				CLANG_WARN_NON_LITERAL_NULL_CONVERSION = YES;
				CLANG_WARN_OBJC_IMPLICIT_RETAIN_SELF = YES;
				CLANG_WARN_OBJC_LITERAL_CONVERSION = YES;
				CLANG_WARN_OBJC_ROOT_CLASS = YES_ERROR;
				CLANG_WARN_QUOTED_INCLUDE_IN_FRAMEWORK_HEADER = YES;
				CLANG_WARN_RANGE_LOOP_ANALYSIS = YES;
				CLANG_WARN_STRICT_PROTOTYPES = YES;
				CLANG_WARN_SUSPICIOUS_MOVE = YES;
				CLANG_WARN_UNGUARDED_AVAILABILITY = YES_AGGRESSIVE;
				CLANG_WARN_UNREACHABLE_CODE = YES;
				CLANG_WARN__DUPLICATE_METHOD_MATCH = YES;
				COPY_PHASE_STRIP = NO;
				DEBUG_INFORMATION_FORMAT = "dwarf-with-dsym";
				ENABLE_NS_ASSERTIONS = NO;
				ENABLE_STRICT_OBJC_MSGSEND = YES;
				GCC_C_LANGUAGE_STANDARD = gnu11;
				GCC_NO_COMMON_BLOCKS = YES;
				GCC_WARN_64_TO_32_BIT_CONVERSION = YES;
				GCC_WARN_ABOUT_RETURN_TYPE = YES_ERROR;
				GCC_WARN_UNDECLARED_SELECTOR = YES;
				GCC_WARN_UNINITIALIZED_AUTOS = YES_AGGRESSIVE;
				GCC_WARN_UNUSED_FUNCTION = YES;
				GCC_WARN_UNUSED_VARIABLE = YES;
				IPHONEOS_DEPLOYMENT_TARGET = 16.2;
				MTL_ENABLE_DEBUG_INFO = NO;
				MTL_FAST_MATH = YES;
				SDKROOT = iphoneos;
				SWIFT_COMPILATION_MODE = wholemodule;
				SWIFT_OPTIMIZATION_LEVEL = "-O";
				VALIDATE_PRODUCT = YES;
			};
			name = Release;
		};
		1FFBEF2329B4B38A00D80D52 /* Debug */ = {
			isa = XCBuildConfiguration;
			buildSettings = {
				ASSETCATALOG_COMPILER_APPICON_NAME = AppIcon;
				ASSETCATALOG_COMPILER_GLOBAL_ACCENT_COLOR_NAME = AccentColor;
				CODE_SIGN_STYLE = Automatic;
				CURRENT_PROJECT_VERSION = 1;
				DEVELOPMENT_ASSET_PATHS = "\"Alarm/Preview Content\"";
				DEVELOPMENT_TEAM = 6JQR5WH86M;
				ENABLE_PREVIEWS = YES;
				GENERATE_INFOPLIST_FILE = YES;
				INFOPLIST_KEY_UIApplicationSceneManifest_Generation = YES;
				INFOPLIST_KEY_UIApplicationSupportsIndirectInputEvents = YES;
				INFOPLIST_KEY_UILaunchScreen_Generation = YES;
				INFOPLIST_KEY_UISupportedInterfaceOrientations_iPad = "UIInterfaceOrientationPortrait UIInterfaceOrientationPortraitUpsideDown UIInterfaceOrientationLandscapeLeft UIInterfaceOrientationLandscapeRight";
				INFOPLIST_KEY_UISupportedInterfaceOrientations_iPhone = "UIInterfaceOrientationPortrait UIInterfaceOrientationLandscapeLeft UIInterfaceOrientationLandscapeRight";
				LD_RUNPATH_SEARCH_PATHS = (
					"$(inherited)",
					"@executable_path/Frameworks",
				);
				MARKETING_VERSION = 1.0;
				PRODUCT_BUNDLE_IDENTIFIER = "com.alex-laukhin.Alarm";
				PRODUCT_NAME = "$(TARGET_NAME)";
				SWIFT_EMIT_LOC_STRINGS = YES;
				SWIFT_VERSION = 5.0;
				TARGETED_DEVICE_FAMILY = "1,2";
			};
			name = Debug;
		};
		1FFBEF2429B4B38A00D80D52 /* Release */ = {
			isa = XCBuildConfiguration;
			buildSettings = {
				ASSETCATALOG_COMPILER_APPICON_NAME = AppIcon;
				ASSETCATALOG_COMPILER_GLOBAL_ACCENT_COLOR_NAME = AccentColor;
				CODE_SIGN_STYLE = Automatic;
				CURRENT_PROJECT_VERSION = 1;
				DEVELOPMENT_ASSET_PATHS = "\"Alarm/Preview Content\"";
				DEVELOPMENT_TEAM = 6JQR5WH86M;
				ENABLE_PREVIEWS = YES;
				GENERATE_INFOPLIST_FILE = YES;
				INFOPLIST_KEY_UIApplicationSceneManifest_Generation = YES;
				INFOPLIST_KEY_UIApplicationSupportsIndirectInputEvents = YES;
				INFOPLIST_KEY_UILaunchScreen_Generation = YES;
				INFOPLIST_KEY_UISupportedInterfaceOrientations_iPad = "UIInterfaceOrientationPortrait UIInterfaceOrientationPortraitUpsideDown UIInterfaceOrientationLandscapeLeft UIInterfaceOrientationLandscapeRight";
				INFOPLIST_KEY_UISupportedInterfaceOrientations_iPhone = "UIInterfaceOrientationPortrait UIInterfaceOrientationLandscapeLeft UIInterfaceOrientationLandscapeRight";
				LD_RUNPATH_SEARCH_PATHS = (
					"$(inherited)",
					"@executable_path/Frameworks",
				);
				MARKETING_VERSION = 1.0;
				PRODUCT_BUNDLE_IDENTIFIER = "com.alex-laukhin.Alarm";
				PRODUCT_NAME = "$(TARGET_NAME)";
				SWIFT_EMIT_LOC_STRINGS = YES;
				SWIFT_VERSION = 5.0;
				TARGETED_DEVICE_FAMILY = "1,2";
			};
			name = Release;
		};
/* End XCBuildConfiguration section */

/* Begin XCConfigurationList section */
		1FFBEF0F29B4B38600D80D52 /* Build configuration list for PBXProject "Alarm" */ = {
			isa = XCConfigurationList;
			buildConfigurations = (
				1FFBEF2029B4B38A00D80D52 /* Debug */,
				1FFBEF2129B4B38A00D80D52 /* Release */,
			);
			defaultConfigurationIsVisible = 0;
			defaultConfigurationName = Release;
		};
		1FFBEF2229B4B38A00D80D52 /* Build configuration list for PBXNativeTarget "Alarm" */ = {
			isa = XCConfigurationList;
			buildConfigurations = (
				1FFBEF2329B4B38A00D80D52 /* Debug */,
				1FFBEF2429B4B38A00D80D52 /* Release */,
			);
			defaultConfigurationIsVisible = 0;
			defaultConfigurationName = Release;
		};
/* End XCConfigurationList section */
	};
	rootObject = 1FFBEF0C29B4B38600D80D52 /* Project object */;
}
